
Microsoft Visual Studio Solution File, Format Version 12.00
# Visual Studio Version 16
VisualStudioVersion = 16.0.30413.136
MinimumVisualStudioVersion = 10.0.40219.1
Project("{9A19103F-16F7-4668-BE54-9A1E7A4F7556}") = "caMon.IPages", "caMon.IPages\caMon.IPages.csproj", "{74BA5D31-B58A-4088-94E7-22F36EA9408E}"
EndProject
Project("{9A19103F-16F7-4668-BE54-9A1E7A4F7556}") = "caMon.pages.e233sp", "caMon.pages.e233sp\caMon.pages.e233sp.csproj", "{9CF5DE4C-0489-4F32-AB3A-20A44140DF5E}"
EndProject
Project("{9A19103F-16F7-4668-BE54-9A1E7A4F7556}") = "caMon", "caMon\caMon.csproj", "{B690E22D-6D28-4EE3-80CD-6A71FDA89B22}"
EndProject
Project("{9A19103F-16F7-4668-BE54-9A1E7A4F7556}") = "caMon.pages.e235sp", "caMon.pages.e235sp\caMon.pages.e235sp.csproj", "{954403F4-3C4C-445E-A0E8-1E573D8A7479}"
EndProject
Project("{9A19103F-16F7-4668-BE54-9A1E7A4F7556}") = "caMon.selector.default", "caMon.selector.default\caMon.selector.default.csproj", "{A76993D4-E97A-483B-85D2-1917EC972B15}"
EndProject
Project("{9A19103F-16F7-4668-BE54-9A1E7A4F7556}") = "caMon.ISelector", "caMon.ISelector\caMon.ISelector.csproj", "{17E993A2-BA0B-454F-9324-C156A9872BC0}"
EndProject
Project("{9A19103F-16F7-4668-BE54-9A1E7A4F7556}") = "caMon.pages.sample", "caMon.pages.sample\caMon.pages.sample.csproj", "{13E2972C-9E24-4783-8004-39AB8A3F8C3E}"
EndProject
Project("{9A19103F-16F7-4668-BE54-9A1E7A4F7556}") = "BIDSData_toBind", "BIDSData_toBind\BIDSData_toBind.csproj", "{E36D52CC-9355-4554-BE13-D5A14C7018B9}"
EndProject
Project("{9A19103F-16F7-4668-BE54-9A1E7A4F7556}") = "BIDSDataUpdateNotifier", "BIDSDataUpdateNotifier\BIDSDataUpdateNotifier.csproj", "{D48EB60C-EABE-420D-999C-58FB0311F62F}"
EndProject
Project("{9A19103F-16F7-4668-BE54-9A1E7A4F7556}") = "caMon.pages.BIDSDataUpdateNotifierUsecase", "caMon.pages.BIDSDataUpdateNotifierUsecase\caMon.pages.BIDSDataUpdateNotifierUsecase.csproj", "{E3DB191C-5F5D-42DE-8E20-E04623BCAC4C}"
EndProject
Project("{C7167F0D-BC9F-4E6E-AFE1-012C56B48DB5}") = "caMon.StoreProj", "caMon.MsixProject\caMon.StoreProj.wapproj", "{56059E83-AC9E-4EB7-89AC-936ADDF27B76}"
EndProject
Project("{9A19103F-16F7-4668-BE54-9A1E7A4F7556}") = "caMon.MainWindowSettings", "caMon.MainWindowSettings\caMon.MainWindowSettings.csproj", "{25BC8B66-2A5B-4E7B-8035-EDD5080DE94E}"
EndProject
Project("{9A19103F-16F7-4668-BE54-9A1E7A4F7556}") = "caMon.MultiWindowSupport", "caMon.MultiWindowSupport\caMon.MultiWindowSupport.csproj", "{08BF17E2-CCBA-44F9-A9CB-60073DC2BF36}"
EndProject
Global
	GlobalSection(SolutionConfigurationPlatforms) = preSolution
		Debug|Any CPU = Debug|Any CPU
		Debug|ARM = Debug|ARM
		Debug|ARM64 = Debug|ARM64
		Debug|x64 = Debug|x64
		Debug|x86 = Debug|x86
		Release|Any CPU = Release|Any CPU
		Release|ARM = Release|ARM
		Release|ARM64 = Release|ARM64
		Release|x64 = Release|x64
		Release|x86 = Release|x86
	EndGlobalSection
	GlobalSection(ProjectConfigurationPlatforms) = postSolution
		{74BA5D31-B58A-4088-94E7-22F36EA9408E}.Debug|Any CPU.ActiveCfg = Debug|Any CPU
		{74BA5D31-B58A-4088-94E7-22F36EA9408E}.Debug|Any CPU.Build.0 = Debug|Any CPU
		{74BA5D31-B58A-4088-94E7-22F36EA9408E}.Debug|ARM.ActiveCfg = Debug|ARM
		{74BA5D31-B58A-4088-94E7-22F36EA9408E}.Debug|ARM.Build.0 = Debug|ARM
		{74BA5D31-B58A-4088-94E7-22F36EA9408E}.Debug|ARM64.ActiveCfg = Debug|ARM64
		{74BA5D31-B58A-4088-94E7-22F36EA9408E}.Debug|ARM64.Build.0 = Debug|ARM64
		{74BA5D31-B58A-4088-94E7-22F36EA9408E}.Debug|x64.ActiveCfg = Debug|x64
		{74BA5D31-B58A-4088-94E7-22F36EA9408E}.Debug|x64.Build.0 = Debug|x64
		{74BA5D31-B58A-4088-94E7-22F36EA9408E}.Debug|x86.ActiveCfg = Debug|x86
		{74BA5D31-B58A-4088-94E7-22F36EA9408E}.Debug|x86.Build.0 = Debug|x86
		{74BA5D31-B58A-4088-94E7-22F36EA9408E}.Release|Any CPU.ActiveCfg = Release|Any CPU
		{74BA5D31-B58A-4088-94E7-22F36EA9408E}.Release|Any CPU.Build.0 = Release|Any CPU
		{74BA5D31-B58A-4088-94E7-22F36EA9408E}.Release|ARM.ActiveCfg = Release|ARM
		{74BA5D31-B58A-4088-94E7-22F36EA9408E}.Release|ARM.Build.0 = Release|ARM
		{74BA5D31-B58A-4088-94E7-22F36EA9408E}.Release|ARM64.ActiveCfg = Release|ARM64
		{74BA5D31-B58A-4088-94E7-22F36EA9408E}.Release|ARM64.Build.0 = Release|ARM64
		{74BA5D31-B58A-4088-94E7-22F36EA9408E}.Release|x64.ActiveCfg = Release|x64
		{74BA5D31-B58A-4088-94E7-22F36EA9408E}.Release|x64.Build.0 = Release|x64
		{74BA5D31-B58A-4088-94E7-22F36EA9408E}.Release|x86.ActiveCfg = Release|x86
		{74BA5D31-B58A-4088-94E7-22F36EA9408E}.Release|x86.Build.0 = Release|x86
		{9CF5DE4C-0489-4F32-AB3A-20A44140DF5E}.Debug|Any CPU.ActiveCfg = Debug|Any CPU
		{9CF5DE4C-0489-4F32-AB3A-20A44140DF5E}.Debug|Any CPU.Build.0 = Debug|Any CPU
		{9CF5DE4C-0489-4F32-AB3A-20A44140DF5E}.Debug|ARM.ActiveCfg = Debug|Any CPU
		{9CF5DE4C-0489-4F32-AB3A-20A44140DF5E}.Debug|ARM.Build.0 = Debug|Any CPU
		{9CF5DE4C-0489-4F32-AB3A-20A44140DF5E}.Debug|ARM64.ActiveCfg = Debug|Any CPU
		{9CF5DE4C-0489-4F32-AB3A-20A44140DF5E}.Debug|ARM64.Build.0 = Debug|Any CPU
		{9CF5DE4C-0489-4F32-AB3A-20A44140DF5E}.Debug|x64.ActiveCfg = Debug|Any CPU
		{9CF5DE4C-0489-4F32-AB3A-20A44140DF5E}.Debug|x64.Build.0 = Debug|Any CPU
		{9CF5DE4C-0489-4F32-AB3A-20A44140DF5E}.Debug|x86.ActiveCfg = Debug|Any CPU
		{9CF5DE4C-0489-4F32-AB3A-20A44140DF5E}.Debug|x86.Build.0 = Debug|Any CPU
		{9CF5DE4C-0489-4F32-AB3A-20A44140DF5E}.Release|Any CPU.ActiveCfg = Release|Any CPU
		{9CF5DE4C-0489-4F32-AB3A-20A44140DF5E}.Release|Any CPU.Build.0 = Release|Any CPU
		{9CF5DE4C-0489-4F32-AB3A-20A44140DF5E}.Release|ARM.ActiveCfg = Release|Any CPU
		{9CF5DE4C-0489-4F32-AB3A-20A44140DF5E}.Release|ARM.Build.0 = Release|Any CPU
		{9CF5DE4C-0489-4F32-AB3A-20A44140DF5E}.Release|ARM64.ActiveCfg = Release|Any CPU
		{9CF5DE4C-0489-4F32-AB3A-20A44140DF5E}.Release|ARM64.Build.0 = Release|Any CPU
		{9CF5DE4C-0489-4F32-AB3A-20A44140DF5E}.Release|x64.ActiveCfg = Release|Any CPU
		{9CF5DE4C-0489-4F32-AB3A-20A44140DF5E}.Release|x64.Build.0 = Release|Any CPU
		{9CF5DE4C-0489-4F32-AB3A-20A44140DF5E}.Release|x86.ActiveCfg = Release|Any CPU
		{9CF5DE4C-0489-4F32-AB3A-20A44140DF5E}.Release|x86.Build.0 = Release|Any CPU
		{B690E22D-6D28-4EE3-80CD-6A71FDA89B22}.Debug|Any CPU.ActiveCfg = Debug|Any CPU
		{B690E22D-6D28-4EE3-80CD-6A71FDA89B22}.Debug|Any CPU.Build.0 = Debug|Any CPU
		{B690E22D-6D28-4EE3-80CD-6A71FDA89B22}.Debug|ARM.ActiveCfg = Debug|ARM
		{B690E22D-6D28-4EE3-80CD-6A71FDA89B22}.Debug|ARM.Build.0 = Debug|ARM
		{B690E22D-6D28-4EE3-80CD-6A71FDA89B22}.Debug|ARM64.ActiveCfg = Debug|ARM64
		{B690E22D-6D28-4EE3-80CD-6A71FDA89B22}.Debug|ARM64.Build.0 = Debug|ARM64
		{B690E22D-6D28-4EE3-80CD-6A71FDA89B22}.Debug|x64.ActiveCfg = Debug|x64
		{B690E22D-6D28-4EE3-80CD-6A71FDA89B22}.Debug|x64.Build.0 = Debug|x64
		{B690E22D-6D28-4EE3-80CD-6A71FDA89B22}.Debug|x86.ActiveCfg = Debug|x86
		{B690E22D-6D28-4EE3-80CD-6A71FDA89B22}.Debug|x86.Build.0 = Debug|x86
		{B690E22D-6D28-4EE3-80CD-6A71FDA89B22}.Release|Any CPU.ActiveCfg = Release|Any CPU
		{B690E22D-6D28-4EE3-80CD-6A71FDA89B22}.Release|Any CPU.Build.0 = Release|Any CPU
		{B690E22D-6D28-4EE3-80CD-6A71FDA89B22}.Release|ARM.ActiveCfg = Release|ARM
		{B690E22D-6D28-4EE3-80CD-6A71FDA89B22}.Release|ARM.Build.0 = Release|ARM
		{B690E22D-6D28-4EE3-80CD-6A71FDA89B22}.Release|ARM64.ActiveCfg = Release|ARM64
		{B690E22D-6D28-4EE3-80CD-6A71FDA89B22}.Release|ARM64.Build.0 = Release|ARM64
		{B690E22D-6D28-4EE3-80CD-6A71FDA89B22}.Release|x64.ActiveCfg = Release|x64
		{B690E22D-6D28-4EE3-80CD-6A71FDA89B22}.Release|x64.Build.0 = Release|x64
		{B690E22D-6D28-4EE3-80CD-6A71FDA89B22}.Release|x86.ActiveCfg = Release|x86
		{B690E22D-6D28-4EE3-80CD-6A71FDA89B22}.Release|x86.Build.0 = Release|x86
		{954403F4-3C4C-445E-A0E8-1E573D8A7479}.Debug|Any CPU.ActiveCfg = Debug|Any CPU
		{954403F4-3C4C-445E-A0E8-1E573D8A7479}.Debug|Any CPU.Build.0 = Debug|Any CPU
		{954403F4-3C4C-445E-A0E8-1E573D8A7479}.Debug|ARM.ActiveCfg = Debug|Any CPU
		{954403F4-3C4C-445E-A0E8-1E573D8A7479}.Debug|ARM.Build.0 = Debug|Any CPU
		{954403F4-3C4C-445E-A0E8-1E573D8A7479}.Debug|ARM64.ActiveCfg = Debug|Any CPU
		{954403F4-3C4C-445E-A0E8-1E573D8A7479}.Debug|ARM64.Build.0 = Debug|Any CPU
		{954403F4-3C4C-445E-A0E8-1E573D8A7479}.Debug|x64.ActiveCfg = Debug|Any CPU
		{954403F4-3C4C-445E-A0E8-1E573D8A7479}.Debug|x64.Build.0 = Debug|Any CPU
		{954403F4-3C4C-445E-A0E8-1E573D8A7479}.Debug|x86.ActiveCfg = Debug|Any CPU
		{954403F4-3C4C-445E-A0E8-1E573D8A7479}.Debug|x86.Build.0 = Debug|Any CPU
		{954403F4-3C4C-445E-A0E8-1E573D8A7479}.Release|Any CPU.ActiveCfg = Release|Any CPU
		{954403F4-3C4C-445E-A0E8-1E573D8A7479}.Release|Any CPU.Build.0 = Release|Any CPU
		{954403F4-3C4C-445E-A0E8-1E573D8A7479}.Release|ARM.ActiveCfg = Release|Any CPU
		{954403F4-3C4C-445E-A0E8-1E573D8A7479}.Release|ARM.Build.0 = Release|Any CPU
		{954403F4-3C4C-445E-A0E8-1E573D8A7479}.Release|ARM64.ActiveCfg = Release|Any CPU
		{954403F4-3C4C-445E-A0E8-1E573D8A7479}.Release|ARM64.Build.0 = Release|Any CPU
		{954403F4-3C4C-445E-A0E8-1E573D8A7479}.Release|x64.ActiveCfg = Release|Any CPU
		{954403F4-3C4C-445E-A0E8-1E573D8A7479}.Release|x64.Build.0 = Release|Any CPU
		{954403F4-3C4C-445E-A0E8-1E573D8A7479}.Release|x86.ActiveCfg = Release|Any CPU
		{954403F4-3C4C-445E-A0E8-1E573D8A7479}.Release|x86.Build.0 = Release|Any CPU
		{A76993D4-E97A-483B-85D2-1917EC972B15}.Debug|Any CPU.ActiveCfg = Debug|Any CPU
		{A76993D4-E97A-483B-85D2-1917EC972B15}.Debug|Any CPU.Build.0 = Debug|Any CPU
		{A76993D4-E97A-483B-85D2-1917EC972B15}.Debug|ARM.ActiveCfg = Debug|ARM
		{A76993D4-E97A-483B-85D2-1917EC972B15}.Debug|ARM.Build.0 = Debug|ARM
		{A76993D4-E97A-483B-85D2-1917EC972B15}.Debug|ARM64.ActiveCfg = Debug|ARM64
		{A76993D4-E97A-483B-85D2-1917EC972B15}.Debug|ARM64.Build.0 = Debug|ARM64
		{A76993D4-E97A-483B-85D2-1917EC972B15}.Debug|x64.ActiveCfg = Debug|x64
		{A76993D4-E97A-483B-85D2-1917EC972B15}.Debug|x64.Build.0 = Debug|x64
		{A76993D4-E97A-483B-85D2-1917EC972B15}.Debug|x86.ActiveCfg = Debug|x86
		{A76993D4-E97A-483B-85D2-1917EC972B15}.Debug|x86.Build.0 = Debug|x86
		{A76993D4-E97A-483B-85D2-1917EC972B15}.Release|Any CPU.ActiveCfg = Release|Any CPU
		{A76993D4-E97A-483B-85D2-1917EC972B15}.Release|Any CPU.Build.0 = Release|Any CPU
		{A76993D4-E97A-483B-85D2-1917EC972B15}.Release|ARM.ActiveCfg = Release|ARM
		{A76993D4-E97A-483B-85D2-1917EC972B15}.Release|ARM.Build.0 = Release|ARM
		{A76993D4-E97A-483B-85D2-1917EC972B15}.Release|ARM64.ActiveCfg = Release|ARM64
		{A76993D4-E97A-483B-85D2-1917EC972B15}.Release|ARM64.Build.0 = Release|ARM64
		{A76993D4-E97A-483B-85D2-1917EC972B15}.Release|x64.ActiveCfg = Release|x64
		{A76993D4-E97A-483B-85D2-1917EC972B15}.Release|x64.Build.0 = Release|x64
		{A76993D4-E97A-483B-85D2-1917EC972B15}.Release|x86.ActiveCfg = Release|x86
		{A76993D4-E97A-483B-85D2-1917EC972B15}.Release|x86.Build.0 = Release|x86
		{17E993A2-BA0B-454F-9324-C156A9872BC0}.Debug|Any CPU.ActiveCfg = Debug|Any CPU
		{17E993A2-BA0B-454F-9324-C156A9872BC0}.Debug|Any CPU.Build.0 = Debug|Any CPU
		{17E993A2-BA0B-454F-9324-C156A9872BC0}.Debug|ARM.ActiveCfg = Debug|ARM
		{17E993A2-BA0B-454F-9324-C156A9872BC0}.Debug|ARM.Build.0 = Debug|ARM
		{17E993A2-BA0B-454F-9324-C156A9872BC0}.Debug|ARM64.ActiveCfg = Debug|ARM64
		{17E993A2-BA0B-454F-9324-C156A9872BC0}.Debug|ARM64.Build.0 = Debug|ARM64
		{17E993A2-BA0B-454F-9324-C156A9872BC0}.Debug|x64.ActiveCfg = Debug|x64
		{17E993A2-BA0B-454F-9324-C156A9872BC0}.Debug|x64.Build.0 = Debug|x64
		{17E993A2-BA0B-454F-9324-C156A9872BC0}.Debug|x86.ActiveCfg = Debug|x86
		{17E993A2-BA0B-454F-9324-C156A9872BC0}.Debug|x86.Build.0 = Debug|x86
		{17E993A2-BA0B-454F-9324-C156A9872BC0}.Release|Any CPU.ActiveCfg = Release|Any CPU
		{17E993A2-BA0B-454F-9324-C156A9872BC0}.Release|Any CPU.Build.0 = Release|Any CPU
		{17E993A2-BA0B-454F-9324-C156A9872BC0}.Release|ARM.ActiveCfg = Release|ARM
		{17E993A2-BA0B-454F-9324-C156A9872BC0}.Release|ARM.Build.0 = Release|ARM
		{17E993A2-BA0B-454F-9324-C156A9872BC0}.Release|ARM64.ActiveCfg = Release|ARM64
		{17E993A2-BA0B-454F-9324-C156A9872BC0}.Release|ARM64.Build.0 = Release|ARM64
		{17E993A2-BA0B-454F-9324-C156A9872BC0}.Release|x64.ActiveCfg = Release|x64
		{17E993A2-BA0B-454F-9324-C156A9872BC0}.Release|x64.Build.0 = Release|x64
		{17E993A2-BA0B-454F-9324-C156A9872BC0}.Release|x86.ActiveCfg = Release|x86
		{17E993A2-BA0B-454F-9324-C156A9872BC0}.Release|x86.Build.0 = Release|x86
		{13E2972C-9E24-4783-8004-39AB8A3F8C3E}.Debug|Any CPU.ActiveCfg = Debug|Any CPU
		{13E2972C-9E24-4783-8004-39AB8A3F8C3E}.Debug|Any CPU.Build.0 = Debug|Any CPU
		{13E2972C-9E24-4783-8004-39AB8A3F8C3E}.Debug|ARM.ActiveCfg = Debug|ARM
		{13E2972C-9E24-4783-8004-39AB8A3F8C3E}.Debug|ARM.Build.0 = Debug|ARM
		{13E2972C-9E24-4783-8004-39AB8A3F8C3E}.Debug|ARM64.ActiveCfg = Debug|ARM64
		{13E2972C-9E24-4783-8004-39AB8A3F8C3E}.Debug|ARM64.Build.0 = Debug|ARM64
		{13E2972C-9E24-4783-8004-39AB8A3F8C3E}.Debug|x64.ActiveCfg = Debug|x64
		{13E2972C-9E24-4783-8004-39AB8A3F8C3E}.Debug|x64.Build.0 = Debug|x64
		{13E2972C-9E24-4783-8004-39AB8A3F8C3E}.Debug|x86.ActiveCfg = Debug|x86
		{13E2972C-9E24-4783-8004-39AB8A3F8C3E}.Debug|x86.Build.0 = Debug|x86
		{13E2972C-9E24-4783-8004-39AB8A3F8C3E}.Release|Any CPU.ActiveCfg = Release|Any CPU
		{13E2972C-9E24-4783-8004-39AB8A3F8C3E}.Release|Any CPU.Build.0 = Release|Any CPU
		{13E2972C-9E24-4783-8004-39AB8A3F8C3E}.Release|ARM.ActiveCfg = Release|ARM
		{13E2972C-9E24-4783-8004-39AB8A3F8C3E}.Release|ARM.Build.0 = Release|ARM
		{13E2972C-9E24-4783-8004-39AB8A3F8C3E}.Release|ARM64.ActiveCfg = Release|ARM64
		{13E2972C-9E24-4783-8004-39AB8A3F8C3E}.Release|ARM64.Build.0 = Release|ARM64
		{13E2972C-9E24-4783-8004-39AB8A3F8C3E}.Release|x64.ActiveCfg = Release|x64
		{13E2972C-9E24-4783-8004-39AB8A3F8C3E}.Release|x64.Build.0 = Release|x64
		{13E2972C-9E24-4783-8004-39AB8A3F8C3E}.Release|x86.ActiveCfg = Release|x86
		{13E2972C-9E24-4783-8004-39AB8A3F8C3E}.Release|x86.Build.0 = Release|x86
		{E36D52CC-9355-4554-BE13-D5A14C7018B9}.Debug|Any CPU.ActiveCfg = Debug|Any CPU
		{E36D52CC-9355-4554-BE13-D5A14C7018B9}.Debug|Any CPU.Build.0 = Debug|Any CPU
		{E36D52CC-9355-4554-BE13-D5A14C7018B9}.Debug|ARM.ActiveCfg = Debug|ARM
		{E36D52CC-9355-4554-BE13-D5A14C7018B9}.Debug|ARM.Build.0 = Debug|ARM
		{E36D52CC-9355-4554-BE13-D5A14C7018B9}.Debug|ARM64.ActiveCfg = Debug|ARM64
		{E36D52CC-9355-4554-BE13-D5A14C7018B9}.Debug|ARM64.Build.0 = Debug|ARM64
		{E36D52CC-9355-4554-BE13-D5A14C7018B9}.Debug|x64.ActiveCfg = Debug|x64
		{E36D52CC-9355-4554-BE13-D5A14C7018B9}.Debug|x64.Build.0 = Debug|x64
		{E36D52CC-9355-4554-BE13-D5A14C7018B9}.Debug|x86.ActiveCfg = Debug|x86
		{E36D52CC-9355-4554-BE13-D5A14C7018B9}.Debug|x86.Build.0 = Debug|x86
		{E36D52CC-9355-4554-BE13-D5A14C7018B9}.Release|Any CPU.ActiveCfg = Release|Any CPU
		{E36D52CC-9355-4554-BE13-D5A14C7018B9}.Release|Any CPU.Build.0 = Release|Any CPU
		{E36D52CC-9355-4554-BE13-D5A14C7018B9}.Release|ARM.ActiveCfg = Release|ARM
		{E36D52CC-9355-4554-BE13-D5A14C7018B9}.Release|ARM.Build.0 = Release|ARM
		{E36D52CC-9355-4554-BE13-D5A14C7018B9}.Release|ARM64.ActiveCfg = Release|ARM64
		{E36D52CC-9355-4554-BE13-D5A14C7018B9}.Release|ARM64.Build.0 = Release|ARM64
		{E36D52CC-9355-4554-BE13-D5A14C7018B9}.Release|x64.ActiveCfg = Release|x64
		{E36D52CC-9355-4554-BE13-D5A14C7018B9}.Release|x64.Build.0 = Release|x64
		{E36D52CC-9355-4554-BE13-D5A14C7018B9}.Release|x86.ActiveCfg = Release|x86
		{E36D52CC-9355-4554-BE13-D5A14C7018B9}.Release|x86.Build.0 = Release|x86
		{D48EB60C-EABE-420D-999C-58FB0311F62F}.Debug|Any CPU.ActiveCfg = Debug|Any CPU
		{D48EB60C-EABE-420D-999C-58FB0311F62F}.Debug|Any CPU.Build.0 = Debug|Any CPU
		{D48EB60C-EABE-420D-999C-58FB0311F62F}.Debug|ARM.ActiveCfg = Debug|ARM
		{D48EB60C-EABE-420D-999C-58FB0311F62F}.Debug|ARM.Build.0 = Debug|ARM
		{D48EB60C-EABE-420D-999C-58FB0311F62F}.Debug|ARM64.ActiveCfg = Debug|ARM64
		{D48EB60C-EABE-420D-999C-58FB0311F62F}.Debug|ARM64.Build.0 = Debug|ARM64
		{D48EB60C-EABE-420D-999C-58FB0311F62F}.Debug|x64.ActiveCfg = Debug|x64
		{D48EB60C-EABE-420D-999C-58FB0311F62F}.Debug|x64.Build.0 = Debug|x64
		{D48EB60C-EABE-420D-999C-58FB0311F62F}.Debug|x86.ActiveCfg = Debug|x86
		{D48EB60C-EABE-420D-999C-58FB0311F62F}.Debug|x86.Build.0 = Debug|x86
		{D48EB60C-EABE-420D-999C-58FB0311F62F}.Release|Any CPU.ActiveCfg = Release|Any CPU
		{D48EB60C-EABE-420D-999C-58FB0311F62F}.Release|Any CPU.Build.0 = Release|Any CPU
		{D48EB60C-EABE-420D-999C-58FB0311F62F}.Release|ARM.ActiveCfg = Release|ARM
		{D48EB60C-EABE-420D-999C-58FB0311F62F}.Release|ARM.Build.0 = Release|ARM
		{D48EB60C-EABE-420D-999C-58FB0311F62F}.Release|ARM64.ActiveCfg = Release|ARM64
		{D48EB60C-EABE-420D-999C-58FB0311F62F}.Release|ARM64.Build.0 = Release|ARM64
		{D48EB60C-EABE-420D-999C-58FB0311F62F}.Release|x64.ActiveCfg = Release|x64
		{D48EB60C-EABE-420D-999C-58FB0311F62F}.Release|x64.Build.0 = Release|x64
		{D48EB60C-EABE-420D-999C-58FB0311F62F}.Release|x86.ActiveCfg = Release|x86
		{D48EB60C-EABE-420D-999C-58FB0311F62F}.Release|x86.Build.0 = Release|x86
		{E3DB191C-5F5D-42DE-8E20-E04623BCAC4C}.Debug|Any CPU.ActiveCfg = Debug|Any CPU
		{E3DB191C-5F5D-42DE-8E20-E04623BCAC4C}.Debug|Any CPU.Build.0 = Debug|Any CPU
		{E3DB191C-5F5D-42DE-8E20-E04623BCAC4C}.Debug|ARM.ActiveCfg = Debug|Any CPU
		{E3DB191C-5F5D-42DE-8E20-E04623BCAC4C}.Debug|ARM.Build.0 = Debug|Any CPU
		{E3DB191C-5F5D-42DE-8E20-E04623BCAC4C}.Debug|ARM64.ActiveCfg = Debug|Any CPU
		{E3DB191C-5F5D-42DE-8E20-E04623BCAC4C}.Debug|ARM64.Build.0 = Debug|Any CPU
		{E3DB191C-5F5D-42DE-8E20-E04623BCAC4C}.Debug|x64.ActiveCfg = Debug|Any CPU
		{E3DB191C-5F5D-42DE-8E20-E04623BCAC4C}.Debug|x64.Build.0 = Debug|Any CPU
		{E3DB191C-5F5D-42DE-8E20-E04623BCAC4C}.Debug|x86.ActiveCfg = Debug|Any CPU
		{E3DB191C-5F5D-42DE-8E20-E04623BCAC4C}.Debug|x86.Build.0 = Debug|Any CPU
		{E3DB191C-5F5D-42DE-8E20-E04623BCAC4C}.Release|Any CPU.ActiveCfg = Release|Any CPU
		{E3DB191C-5F5D-42DE-8E20-E04623BCAC4C}.Release|Any CPU.Build.0 = Release|Any CPU
		{E3DB191C-5F5D-42DE-8E20-E04623BCAC4C}.Release|ARM.ActiveCfg = Release|Any CPU
		{E3DB191C-5F5D-42DE-8E20-E04623BCAC4C}.Release|ARM.Build.0 = Release|Any CPU
		{E3DB191C-5F5D-42DE-8E20-E04623BCAC4C}.Release|ARM64.ActiveCfg = Release|Any CPU
		{E3DB191C-5F5D-42DE-8E20-E04623BCAC4C}.Release|ARM64.Build.0 = Release|Any CPU
		{E3DB191C-5F5D-42DE-8E20-E04623BCAC4C}.Release|x64.ActiveCfg = Release|Any CPU
		{E3DB191C-5F5D-42DE-8E20-E04623BCAC4C}.Release|x64.Build.0 = Release|Any CPU
		{E3DB191C-5F5D-42DE-8E20-E04623BCAC4C}.Release|x86.ActiveCfg = Release|Any CPU
		{E3DB191C-5F5D-42DE-8E20-E04623BCAC4C}.Release|x86.Build.0 = Release|Any CPU
		{56059E83-AC9E-4EB7-89AC-936ADDF27B76}.Debug|Any CPU.ActiveCfg = Debug|Any CPU
		{56059E83-AC9E-4EB7-89AC-936ADDF27B76}.Debug|Any CPU.Build.0 = Debug|Any CPU
		{56059E83-AC9E-4EB7-89AC-936ADDF27B76}.Debug|Any CPU.Deploy.0 = Debug|Any CPU
		{56059E83-AC9E-4EB7-89AC-936ADDF27B76}.Debug|ARM.ActiveCfg = Debug|ARM
		{56059E83-AC9E-4EB7-89AC-936ADDF27B76}.Debug|ARM.Build.0 = Debug|ARM
		{56059E83-AC9E-4EB7-89AC-936ADDF27B76}.Debug|ARM.Deploy.0 = Debug|ARM
		{56059E83-AC9E-4EB7-89AC-936ADDF27B76}.Debug|ARM64.ActiveCfg = Debug|ARM64
		{56059E83-AC9E-4EB7-89AC-936ADDF27B76}.Debug|ARM64.Build.0 = Debug|ARM64
		{56059E83-AC9E-4EB7-89AC-936ADDF27B76}.Debug|ARM64.Deploy.0 = Debug|ARM64
		{56059E83-AC9E-4EB7-89AC-936ADDF27B76}.Debug|x64.ActiveCfg = Debug|x64
		{56059E83-AC9E-4EB7-89AC-936ADDF27B76}.Debug|x64.Build.0 = Debug|x64
		{56059E83-AC9E-4EB7-89AC-936ADDF27B76}.Debug|x64.Deploy.0 = Debug|x64
		{56059E83-AC9E-4EB7-89AC-936ADDF27B76}.Debug|x86.ActiveCfg = Debug|x86
		{56059E83-AC9E-4EB7-89AC-936ADDF27B76}.Debug|x86.Build.0 = Debug|x86
		{56059E83-AC9E-4EB7-89AC-936ADDF27B76}.Debug|x86.Deploy.0 = Debug|x86
		{56059E83-AC9E-4EB7-89AC-936ADDF27B76}.Release|Any CPU.ActiveCfg = Release|Any CPU
		{56059E83-AC9E-4EB7-89AC-936ADDF27B76}.Release|Any CPU.Build.0 = Release|Any CPU
		{56059E83-AC9E-4EB7-89AC-936ADDF27B76}.Release|Any CPU.Deploy.0 = Release|Any CPU
		{56059E83-AC9E-4EB7-89AC-936ADDF27B76}.Release|ARM.ActiveCfg = Release|ARM
		{56059E83-AC9E-4EB7-89AC-936ADDF27B76}.Release|ARM.Build.0 = Release|ARM
		{56059E83-AC9E-4EB7-89AC-936ADDF27B76}.Release|ARM.Deploy.0 = Release|ARM
		{56059E83-AC9E-4EB7-89AC-936ADDF27B76}.Release|ARM64.ActiveCfg = Release|ARM64
		{56059E83-AC9E-4EB7-89AC-936ADDF27B76}.Release|ARM64.Build.0 = Release|ARM64
		{56059E83-AC9E-4EB7-89AC-936ADDF27B76}.Release|ARM64.Deploy.0 = Release|ARM64
		{56059E83-AC9E-4EB7-89AC-936ADDF27B76}.Release|x64.ActiveCfg = Release|x64
		{56059E83-AC9E-4EB7-89AC-936ADDF27B76}.Release|x64.Build.0 = Release|x64
		{56059E83-AC9E-4EB7-89AC-936ADDF27B76}.Release|x64.Deploy.0 = Release|x64
		{56059E83-AC9E-4EB7-89AC-936ADDF27B76}.Release|x86.ActiveCfg = Release|x86
		{56059E83-AC9E-4EB7-89AC-936ADDF27B76}.Release|x86.Build.0 = Release|x86
		{56059E83-AC9E-4EB7-89AC-936ADDF27B76}.Release|x86.Deploy.0 = Release|x86
		{25BC8B66-2A5B-4E7B-8035-EDD5080DE94E}.Debug|Any CPU.ActiveCfg = Debug|Any CPU
		{25BC8B66-2A5B-4E7B-8035-EDD5080DE94E}.Debug|Any CPU.Build.0 = Debug|Any CPU
		{25BC8B66-2A5B-4E7B-8035-EDD5080DE94E}.Debug|ARM.ActiveCfg = Debug|ARM
		{25BC8B66-2A5B-4E7B-8035-EDD5080DE94E}.Debug|ARM.Build.0 = Debug|ARM
		{25BC8B66-2A5B-4E7B-8035-EDD5080DE94E}.Debug|ARM64.ActiveCfg = Debug|ARM64
		{25BC8B66-2A5B-4E7B-8035-EDD5080DE94E}.Debug|ARM64.Build.0 = Debug|ARM64
		{25BC8B66-2A5B-4E7B-8035-EDD5080DE94E}.Debug|x64.ActiveCfg = Debug|x64
		{25BC8B66-2A5B-4E7B-8035-EDD5080DE94E}.Debug|x64.Build.0 = Debug|x64
		{25BC8B66-2A5B-4E7B-8035-EDD5080DE94E}.Debug|x86.ActiveCfg = Debug|x86
		{25BC8B66-2A5B-4E7B-8035-EDD5080DE94E}.Debug|x86.Build.0 = Debug|x86
		{25BC8B66-2A5B-4E7B-8035-EDD5080DE94E}.Release|Any CPU.ActiveCfg = Release|Any CPU
		{25BC8B66-2A5B-4E7B-8035-EDD5080DE94E}.Release|Any CPU.Build.0 = Release|Any CPU
		{25BC8B66-2A5B-4E7B-8035-EDD5080DE94E}.Release|ARM.ActiveCfg = Release|ARM
		{25BC8B66-2A5B-4E7B-8035-EDD5080DE94E}.Release|ARM.Build.0 = Release|ARM
		{25BC8B66-2A5B-4E7B-8035-EDD5080DE94E}.Release|ARM64.ActiveCfg = Release|ARM64
		{25BC8B66-2A5B-4E7B-8035-EDD5080DE94E}.Release|ARM64.Build.0 = Release|ARM64
		{25BC8B66-2A5B-4E7B-8035-EDD5080DE94E}.Release|x64.ActiveCfg = Release|x64
		{25BC8B66-2A5B-4E7B-8035-EDD5080DE94E}.Release|x64.Build.0 = Release|x64
		{25BC8B66-2A5B-4E7B-8035-EDD5080DE94E}.Release|x86.ActiveCfg = Release|x86
		{25BC8B66-2A5B-4E7B-8035-EDD5080DE94E}.Release|x86.Build.0 = Release|x86
		{08BF17E2-CCBA-44F9-A9CB-60073DC2BF36}.Debug|Any CPU.ActiveCfg = Debug|Any CPU
		{08BF17E2-CCBA-44F9-A9CB-60073DC2BF36}.Debug|Any CPU.Build.0 = Debug|Any CPU
		{08BF17E2-CCBA-44F9-A9CB-60073DC2BF36}.Debug|ARM.ActiveCfg = Debug|ARM
		{08BF17E2-CCBA-44F9-A9CB-60073DC2BF36}.Debug|ARM.Build.0 = Debug|ARM
		{08BF17E2-CCBA-44F9-A9CB-60073DC2BF36}.Debug|ARM64.ActiveCfg = Debug|ARM64
		{08BF17E2-CCBA-44F9-A9CB-60073DC2BF36}.Debug|ARM64.Build.0 = Debug|ARM64
		{08BF17E2-CCBA-44F9-A9CB-60073DC2BF36}.Debug|x64.ActiveCfg = Debug|x64
		{08BF17E2-CCBA-44F9-A9CB-60073DC2BF36}.Debug|x64.Build.0 = Debug|x64
		{08BF17E2-CCBA-44F9-A9CB-60073DC2BF36}.Debug|x86.ActiveCfg = Debug|x86
		{08BF17E2-CCBA-44F9-A9CB-60073DC2BF36}.Debug|x86.Build.0 = Debug|x86
		{08BF17E2-CCBA-44F9-A9CB-60073DC2BF36}.Release|Any CPU.ActiveCfg = Release|Any CPU
		{08BF17E2-CCBA-44F9-A9CB-60073DC2BF36}.Release|Any CPU.Build.0 = Release|Any CPU
		{08BF17E2-CCBA-44F9-A9CB-60073DC2BF36}.Release|ARM.ActiveCfg = Release|ARM
		{08BF17E2-CCBA-44F9-A9CB-60073DC2BF36}.Release|ARM.Build.0 = Release|ARM
		{08BF17E2-CCBA-44F9-A9CB-60073DC2BF36}.Release|ARM64.ActiveCfg = Release|ARM64
		{08BF17E2-CCBA-44F9-A9CB-60073DC2BF36}.Release|ARM64.Build.0 = Release|ARM64
		{08BF17E2-CCBA-44F9-A9CB-60073DC2BF36}.Release|x64.ActiveCfg = Release|x64
		{08BF17E2-CCBA-44F9-A9CB-60073DC2BF36}.Release|x64.Build.0 = Release|x64
		{08BF17E2-CCBA-44F9-A9CB-60073DC2BF36}.Release|x86.ActiveCfg = Release|x86
		{08BF17E2-CCBA-44F9-A9CB-60073DC2BF36}.Release|x86.Build.0 = Release|x86
	EndGlobalSection
	GlobalSection(SolutionProperties) = preSolution
		HideSolutionNode = FALSE
	EndGlobalSection
	GlobalSection(ExtensibilityGlobals) = postSolution
		SolutionGuid = {07335360-2A29-4A04-B624-C47FE0F04255}
	EndGlobalSection
EndGlobal
