
Microsoft Visual Studio Solution File, Format Version 12.00
# Visual Studio Version 16
VisualStudioVersion = 16.0.30413.136
MinimumVisualStudioVersion = 10.0.40219.1
Project("{9A19103F-16F7-4668-BE54-9A1E7A4F7556}") = "caMon.IPages", "caMon.IPages\caMon.IPages.csproj", "{74BA5D31-B58A-4088-94E7-22F36EA9408E}"
EndProject
Project("{9A19103F-16F7-4668-BE54-9A1E7A4F7556}") = "caMon.pages.e233sp", "caMon.pages.e233sp\caMon.pages.e233sp.csproj", "{9CF5DE4C-0489-4F32-AB3A-20A44140DF5E}"
EndProject
Project("{9A19103F-16F7-4668-BE54-9A1E7A4F7556}") = "caMon", "caMon\caMon.csproj", "{B690E22D-6D28-4EE3-80CD-6A71FDA89B22}"
EndProject
Project("{9A19103F-16F7-4668-BE54-9A1E7A4F7556}") = "caMon.pages.e235sp", "caMon.pages.e235sp\caMon.pages.e235sp.csproj", "{954403F4-3C4C-445E-A0E8-1E573D8A7479}"
EndProject
Project("{9A19103F-16F7-4668-BE54-9A1E7A4F7556}") = "caMon.selector.default", "caMon.selector.default\caMon.selector.default.csproj", "{A76993D4-E97A-483B-85D2-1917EC972B15}"
EndProject
Project("{9A19103F-16F7-4668-BE54-9A1E7A4F7556}") = "caMon.ISelector", "caMon.ISelector\caMon.ISelector.csproj", "{17E993A2-BA0B-454F-9324-C156A9872BC0}"
EndProject
Project("{FAE04EC0-301F-11D3-BF4B-00C04F79EFBC}") = "caMon.pages.sample", "caMon.pages.sample\caMon.pages.sample.csproj", "{13E2972C-9E24-4783-8004-39AB8A3F8C3E}"
EndProject
Global
	GlobalSection(SolutionConfigurationPlatforms) = preSolution
		Debug|Any CPU = Debug|Any CPU
		Release|Any CPU = Release|Any CPU
	EndGlobalSection
	GlobalSection(ProjectConfigurationPlatforms) = postSolution
		{74BA5D31-B58A-4088-94E7-22F36EA9408E}.Debug|Any CPU.ActiveCfg = Debug|Any CPU
		{74BA5D31-B58A-4088-94E7-22F36EA9408E}.Debug|Any CPU.Build.0 = Debug|Any CPU
		{74BA5D31-B58A-4088-94E7-22F36EA9408E}.Release|Any CPU.ActiveCfg = Release|Any CPU
		{74BA5D31-B58A-4088-94E7-22F36EA9408E}.Release|Any CPU.Build.0 = Release|Any CPU
		{9CF5DE4C-0489-4F32-AB3A-20A44140DF5E}.Debug|Any CPU.ActiveCfg = Debug|Any CPU
		{9CF5DE4C-0489-4F32-AB3A-20A44140DF5E}.Debug|Any CPU.Build.0 = Debug|Any CPU
		{9CF5DE4C-0489-4F32-AB3A-20A44140DF5E}.Release|Any CPU.ActiveCfg = Release|Any CPU
		{9CF5DE4C-0489-4F32-AB3A-20A44140DF5E}.Release|Any CPU.Build.0 = Release|Any CPU
		{B690E22D-6D28-4EE3-80CD-6A71FDA89B22}.Debug|Any CPU.ActiveCfg = Debug|Any CPU
		{B690E22D-6D28-4EE3-80CD-6A71FDA89B22}.Debug|Any CPU.Build.0 = Debug|Any CPU
		{B690E22D-6D28-4EE3-80CD-6A71FDA89B22}.Release|Any CPU.ActiveCfg = Release|Any CPU
		{B690E22D-6D28-4EE3-80CD-6A71FDA89B22}.Release|Any CPU.Build.0 = Release|Any CPU
		{954403F4-3C4C-445E-A0E8-1E573D8A7479}.Debug|Any CPU.ActiveCfg = Debug|Any CPU
		{954403F4-3C4C-445E-A0E8-1E573D8A7479}.Debug|Any CPU.Build.0 = Debug|Any CPU
		{954403F4-3C4C-445E-A0E8-1E573D8A7479}.Release|Any CPU.ActiveCfg = Release|Any CPU
		{954403F4-3C4C-445E-A0E8-1E573D8A7479}.Release|Any CPU.Build.0 = Release|Any CPU
		{A76993D4-E97A-483B-85D2-1917EC972B15}.Debug|Any CPU.ActiveCfg = Debug|Any CPU
		{A76993D4-E97A-483B-85D2-1917EC972B15}.Debug|Any CPU.Build.0 = Debug|Any CPU
		{A76993D4-E97A-483B-85D2-1917EC972B15}.Release|Any CPU.ActiveCfg = Release|Any CPU
		{A76993D4-E97A-483B-85D2-1917EC972B15}.Release|Any CPU.Build.0 = Release|Any CPU
		{17E993A2-BA0B-454F-9324-C156A9872BC0}.Debug|Any CPU.ActiveCfg = Debug|Any CPU
		{17E993A2-BA0B-454F-9324-C156A9872BC0}.Debug|Any CPU.Build.0 = Debug|Any CPU
		{17E993A2-BA0B-454F-9324-C156A9872BC0}.Release|Any CPU.ActiveCfg = Release|Any CPU
		{17E993A2-BA0B-454F-9324-C156A9872BC0}.Release|Any CPU.Build.0 = Release|Any CPU
		{13E2972C-9E24-4783-8004-39AB8A3F8C3E}.Debug|Any CPU.ActiveCfg = Debug|Any CPU
		{13E2972C-9E24-4783-8004-39AB8A3F8C3E}.Debug|Any CPU.Build.0 = Debug|Any CPU
		{13E2972C-9E24-4783-8004-39AB8A3F8C3E}.Release|Any CPU.ActiveCfg = Release|Any CPU
		{13E2972C-9E24-4783-8004-39AB8A3F8C3E}.Release|Any CPU.Build.0 = Release|Any CPU
	EndGlobalSection
	GlobalSection(SolutionProperties) = preSolution
		HideSolutionNode = FALSE
	EndGlobalSection
	GlobalSection(ExtensibilityGlobals) = postSolution
		SolutionGuid = {07335360-2A29-4A04-B624-C47FE0F04255}
	EndGlobalSection
EndGlobal
